
Microsoft Visual Studio Solution File, Format Version 12.00
# Visual Studio Version 16
VisualStudioVersion = 16.0.29519.181
MinimumVisualStudioVersion = 10.0.40219.1
Project("{FAE04EC0-301F-11D3-BF4B-00C04F79EFBC}") = "Sharie", "Sharie.csproj", "{9B62EBEB-B846-4140-8DBA-6F40CEB6C4E6}"
EndProject
Project("{FAE04EC0-301F-11D3-BF4B-00C04F79EFBC}") = "XUnitTestProject", "..\XUnitTestProject\XUnitTestProject.csproj", "{2CBAE849-FAA9-4DF3-BFE0-4E1F74BFE0AD}"
EndProject
Global
	GlobalSection(SolutionConfigurationPlatforms) = preSolution
		Debug|Any CPU = Debug|Any CPU
		Release|Any CPU = Release|Any CPU
	EndGlobalSection
	GlobalSection(ProjectConfigurationPlatforms) = postSolution
		{9B62EBEB-B846-4140-8DBA-6F40CEB6C4E6}.Debug|Any CPU.ActiveCfg = Debug|Any CPU
		{9B62EBEB-B846-4140-8DBA-6F40CEB6C4E6}.Debug|Any CPU.Build.0 = Debug|Any CPU
		{9B62EBEB-B846-4140-8DBA-6F40CEB6C4E6}.Release|Any CPU.ActiveCfg = Release|Any CPU
		{9B62EBEB-B846-4140-8DBA-6F40CEB6C4E6}.Release|Any CPU.Build.0 = Release|Any CPU
		{2CBAE849-FAA9-4DF3-BFE0-4E1F74BFE0AD}.Debug|Any CPU.ActiveCfg = Debug|Any CPU
		{2CBAE849-FAA9-4DF3-BFE0-4E1F74BFE0AD}.Debug|Any CPU.Build.0 = Debug|Any CPU
		{2CBAE849-FAA9-4DF3-BFE0-4E1F74BFE0AD}.Release|Any CPU.ActiveCfg = Release|Any CPU
		{2CBAE849-FAA9-4DF3-BFE0-4E1F74BFE0AD}.Release|Any CPU.Build.0 = Release|Any CPU
	EndGlobalSection
	GlobalSection(SolutionProperties) = preSolution
		HideSolutionNode = FALSE
	EndGlobalSection
	GlobalSection(ExtensibilityGlobals) = postSolution
		SolutionGuid = {BF876D34-106B-4319-8737-C5ECEC38805E}
	EndGlobalSection
EndGlobal
