
Microsoft Visual Studio Solution File, Format Version 12.00
# Visual Studio Version 16
VisualStudioVersion = 16.0.29519.181
MinimumVisualStudioVersion = 10.0.40219.1
Project("{9A19103F-16F7-4668-BE54-9A1E7A4F7556}") = "Sharie", "Sharie.csproj", "{9B62EBEB-B846-4140-8DBA-6F40CEB6C4E6}"
EndProject
Project("{9A19103F-16F7-4668-BE54-9A1E7A4F7556}") = "XUnitTestProject", "..\XUnitTestProject\XUnitTestProject.csproj", "{2CBAE849-FAA9-4DF3-BFE0-4E1F74BFE0AD}"
EndProject
Project("{FAE04EC0-301F-11D3-BF4B-00C04F79EFBC}") = "Sharie.Logic", "..\Sources\Sharie.Logic\Sharie.Logic\Sharie.Logic.csproj", "{65568787-BD92-461B-9B73-1FAF6258FFB2}"
EndProject
Project("{FAE04EC0-301F-11D3-BF4B-00C04F79EFBC}") = "Sharie.Logic.Interfaces", "..\Sources\Sharie.Logic.Interfaces\Sharie.Logic.Interfaces\Sharie.Logic.Interfaces.csproj", "{3FCB9769-13E4-4751-8E3A-D3379D189144}"
EndProject
Project("{FAE04EC0-301F-11D3-BF4B-00C04F79EFBC}") = "Sharie.Models", "..\Sources\Sharie.Models\Sharie.Models\Sharie.Models.csproj", "{2CD21D38-7497-410E-BDD3-57A245CDC9BC}"
EndProject
Global
	GlobalSection(SolutionConfigurationPlatforms) = preSolution
		Debug|Any CPU = Debug|Any CPU
		Release|Any CPU = Release|Any CPU
	EndGlobalSection
	GlobalSection(ProjectConfigurationPlatforms) = postSolution
		{9B62EBEB-B846-4140-8DBA-6F40CEB6C4E6}.Debug|Any CPU.ActiveCfg = Debug|Any CPU
		{9B62EBEB-B846-4140-8DBA-6F40CEB6C4E6}.Debug|Any CPU.Build.0 = Debug|Any CPU
		{9B62EBEB-B846-4140-8DBA-6F40CEB6C4E6}.Release|Any CPU.ActiveCfg = Release|Any CPU
		{9B62EBEB-B846-4140-8DBA-6F40CEB6C4E6}.Release|Any CPU.Build.0 = Release|Any CPU
		{2CBAE849-FAA9-4DF3-BFE0-4E1F74BFE0AD}.Debug|Any CPU.ActiveCfg = Debug|Any CPU
		{2CBAE849-FAA9-4DF3-BFE0-4E1F74BFE0AD}.Debug|Any CPU.Build.0 = Debug|Any CPU
		{2CBAE849-FAA9-4DF3-BFE0-4E1F74BFE0AD}.Release|Any CPU.ActiveCfg = Release|Any CPU
		{2CBAE849-FAA9-4DF3-BFE0-4E1F74BFE0AD}.Release|Any CPU.Build.0 = Release|Any CPU
		{65568787-BD92-461B-9B73-1FAF6258FFB2}.Debug|Any CPU.ActiveCfg = Debug|Any CPU
		{65568787-BD92-461B-9B73-1FAF6258FFB2}.Debug|Any CPU.Build.0 = Debug|Any CPU
		{65568787-BD92-461B-9B73-1FAF6258FFB2}.Release|Any CPU.ActiveCfg = Release|Any CPU
		{65568787-BD92-461B-9B73-1FAF6258FFB2}.Release|Any CPU.Build.0 = Release|Any CPU
		{3FCB9769-13E4-4751-8E3A-D3379D189144}.Debug|Any CPU.ActiveCfg = Debug|Any CPU
		{3FCB9769-13E4-4751-8E3A-D3379D189144}.Debug|Any CPU.Build.0 = Debug|Any CPU
		{3FCB9769-13E4-4751-8E3A-D3379D189144}.Release|Any CPU.ActiveCfg = Release|Any CPU
		{3FCB9769-13E4-4751-8E3A-D3379D189144}.Release|Any CPU.Build.0 = Release|Any CPU
		{2CD21D38-7497-410E-BDD3-57A245CDC9BC}.Debug|Any CPU.ActiveCfg = Debug|Any CPU
		{2CD21D38-7497-410E-BDD3-57A245CDC9BC}.Debug|Any CPU.Build.0 = Debug|Any CPU
		{2CD21D38-7497-410E-BDD3-57A245CDC9BC}.Release|Any CPU.ActiveCfg = Release|Any CPU
		{2CD21D38-7497-410E-BDD3-57A245CDC9BC}.Release|Any CPU.Build.0 = Release|Any CPU
	EndGlobalSection
	GlobalSection(SolutionProperties) = preSolution
		HideSolutionNode = FALSE
	EndGlobalSection
	GlobalSection(ExtensibilityGlobals) = postSolution
		SolutionGuid = {BF876D34-106B-4319-8737-C5ECEC38805E}
	EndGlobalSection
EndGlobal
